{
  "name": "html",
  "lockfileVersion": 3,
  "requires": true,
  "packages": {
    "": {
      "name": "html",
      "dependencies": {
        "@node-projects/svghmi.webcomponent": "^1.2.0"
      }
    },
    "node_modules/@node-projects/base-custom-webcomponent": {
      "version": "0.30.0",
      "resolved": "https://registry.npmjs.org/@node-projects/base-custom-webcomponent/-/base-custom-webcomponent-0.30.0.tgz",
      "integrity": "sha512-yA3h0i7m2Cuez94OFL9e5afpa9Lligf5QdnZNEmb9t0ke6YDnZvOb8tTvVZsR+aii7OrW72ACoeWaZ0U1Az8hg==",
      "license": "BSD-3-Clause"
    },
    "node_modules/@node-projects/svghmi.webcomponent": {
      "version": "1.2.0",
      "resolved": "https://registry.npmjs.org/@node-projects/svghmi.webcomponent/-/svghmi.webcomponent-1.2.0.tgz",
      "integrity": "sha512-5GrYmiYm3Xc8by6Iz1VocrQS5f2lg8HGxW/bdqpSldjaJd4ZQIiUjVts/yNppMhtZUUzxxVuC2RSMsXWY4NLkA==",
      "license": "MIT",
      "dependencies": {
        "@node-projects/base-custom-webcomponent": "^0.30.0"
      }
    }
  }
}
